
Microsoft Visual Studio Solution File, Format Version 12.00
# Visual Studio Version 17
VisualStudioVersion = 17.5.002.0
MinimumVisualStudioVersion = 10.0.40219.1
Project("{2150E333-8FDC-42A3-9474-1A3956D46DE8}") = "csharp-prep", "csharp-prep", "{1913BB08-89E7-4FF6-BA98-7A253D813F2B}"
EndProject
Project("{9A19103F-16F7-4668-BE54-9A1E7A4F7556}") = "Prep1", "csharp-prep\Prep1\Prep1.csproj", "{306C8FCE-2110-45D3-A92D-6AC609AEB5BB}"
EndProject
Project("{9A19103F-16F7-4668-BE54-9A1E7A4F7556}") = "Prep2", "csharp-prep\Prep2\Prep2.csproj", "{E762199F-83DB-443D-A7FC-4023EDBB32C8}"
EndProject
Project("{9A19103F-16F7-4668-BE54-9A1E7A4F7556}") = "Prep3", "csharp-prep\Prep3\Prep3.csproj", "{0D65273E-9594-4970-B0DA-57BAC920EC6F}"
EndProject
Project("{9A19103F-16F7-4668-BE54-9A1E7A4F7556}") = "Prep4", "csharp-prep\Prep4\Prep4.csproj", "{7309646D-07FC-4F0B-8935-BD2F36CCBFA3}"
EndProject
Project("{9A19103F-16F7-4668-BE54-9A1E7A4F7556}") = "Prep5", "csharp-prep\Prep5\Prep5.csproj", "{5B065083-7E9A-46B4-90C6-F657ED994048}"
EndProject
Project("{2150E333-8FDC-42A3-9474-1A3956D46DE8}") = "final", "final", "{5D85855E-6303-49B0-AEA7-07F1C736CCDB}"
EndProject
Project("{9A19103F-16F7-4668-BE54-9A1E7A4F7556}") = "FinalProject", "final\FinalProject\FinalProject.csproj", "{CF1490FA-9A2C-4951-B15F-AF5F9006ACBA}"
EndProject
Project("{9A19103F-16F7-4668-BE54-9A1E7A4F7556}") = "Foundation1", "final\Foundation1\Foundation1.csproj", "{A442421C-1A33-4150-8D9D-AB31237E31C8}"
EndProject
Project("{9A19103F-16F7-4668-BE54-9A1E7A4F7556}") = "Foundation2", "final\Foundation2\Foundation2.csproj", "{ED43B3EE-5FEE-4442-BB9D-9E0A7C0DE229}"
EndProject
Project("{9A19103F-16F7-4668-BE54-9A1E7A4F7556}") = "Foundation3", "final\Foundation3\Foundation3.csproj", "{47DA95CD-862A-446B-A467-21B75CEC6244}"
EndProject
Project("{9A19103F-16F7-4668-BE54-9A1E7A4F7556}") = "Foundation4", "final\Foundation4\Foundation4.csproj", "{96274465-45E5-430E-A242-15E19D7F6D6C}"
EndProject
Project("{2150E333-8FDC-42A3-9474-1A3956D46DE8}") = "prepare", "prepare", "{37085D8A-3115-4312-9802-9B00980FBE95}"
EndProject
Project("{9A19103F-16F7-4668-BE54-9A1E7A4F7556}") = "Learning02", "prepare\Learning02\Learning02.csproj", "{392408E2-4EE7-4773-96B6-701F407063AB}"
EndProject
Project("{9A19103F-16F7-4668-BE54-9A1E7A4F7556}") = "Learning03", "prepare\Learning03\Learning03.csproj", "{FC2E836C-2FFC-454C-8A98-B4640CC2AB99}"
EndProject
Project("{9A19103F-16F7-4668-BE54-9A1E7A4F7556}") = "Learning04", "prepare\Learning04\Learning04.csproj", "{D895C2E6-E1B3-40D6-A260-AF7A0E1515C8}"
EndProject
Project("{9A19103F-16F7-4668-BE54-9A1E7A4F7556}") = "Learning05", "prepare\Learning05\Learning05.csproj", "{E9158357-CAE8-4E1B-8203-50974EEB81CD}"
EndProject
Project("{2150E333-8FDC-42A3-9474-1A3956D46DE8}") = "prove", "prove", "{C864D3AF-19BD-46FD-A41E-9BA584AB117C}"
EndProject
Project("{9A19103F-16F7-4668-BE54-9A1E7A4F7556}") = "Develop02", "prove\Develop02\Develop02.csproj", "{2FBD8357-C4B0-4356-A6DF-370C42BBFEFD}"
EndProject
Project("{9A19103F-16F7-4668-BE54-9A1E7A4F7556}") = "Develop03", "prove\Develop03\Develop03.csproj", "{075BCCFC-0665-49F3-9BE6-0BBB981BE7F7}"
EndProject
Project("{9A19103F-16F7-4668-BE54-9A1E7A4F7556}") = "Develop04", "prove\Develop04\Develop04.csproj", "{EE8CCC41-C451-49F2-998D-B8B6A6B9E0C7}"
EndProject
Project("{9A19103F-16F7-4668-BE54-9A1E7A4F7556}") = "Develop05", "prove\Develop05\Develop05.csproj", "{3D451A93-749C-4669-BAD6-0038384748D4}"
EndProject
Project("{2150E333-8FDC-42A3-9474-1A3956D46DE8}") = "sandbox", "sandbox", "{248B5E90-32E7-4AB8-B1CD-51EBED9E5938}"
EndProject
Project("{9A19103F-16F7-4668-BE54-9A1E7A4F7556}") = "Sandbox", "sandbox\Sandbox\Sandbox.csproj", "{C31D3831-4A8A-48F1-83D4-F168F27D2EB6}"
EndProject
Global
	GlobalSection(SolutionConfigurationPlatforms) = preSolution
		Debug|Any CPU = Debug|Any CPU
		Release|Any CPU = Release|Any CPU
	EndGlobalSection
	GlobalSection(ProjectConfigurationPlatforms) = postSolution
		{306C8FCE-2110-45D3-A92D-6AC609AEB5BB}.Debug|Any CPU.ActiveCfg = Debug|Any CPU
		{306C8FCE-2110-45D3-A92D-6AC609AEB5BB}.Debug|Any CPU.Build.0 = Debug|Any CPU
		{306C8FCE-2110-45D3-A92D-6AC609AEB5BB}.Release|Any CPU.ActiveCfg = Release|Any CPU
		{306C8FCE-2110-45D3-A92D-6AC609AEB5BB}.Release|Any CPU.Build.0 = Release|Any CPU
		{E762199F-83DB-443D-A7FC-4023EDBB32C8}.Debug|Any CPU.ActiveCfg = Debug|Any CPU
		{E762199F-83DB-443D-A7FC-4023EDBB32C8}.Debug|Any CPU.Build.0 = Debug|Any CPU
		{E762199F-83DB-443D-A7FC-4023EDBB32C8}.Release|Any CPU.ActiveCfg = Release|Any CPU
		{E762199F-83DB-443D-A7FC-4023EDBB32C8}.Release|Any CPU.Build.0 = Release|Any CPU
		{0D65273E-9594-4970-B0DA-57BAC920EC6F}.Debug|Any CPU.ActiveCfg = Debug|Any CPU
		{0D65273E-9594-4970-B0DA-57BAC920EC6F}.Debug|Any CPU.Build.0 = Debug|Any CPU
		{0D65273E-9594-4970-B0DA-57BAC920EC6F}.Release|Any CPU.ActiveCfg = Release|Any CPU
		{0D65273E-9594-4970-B0DA-57BAC920EC6F}.Release|Any CPU.Build.0 = Release|Any CPU
		{7309646D-07FC-4F0B-8935-BD2F36CCBFA3}.Debug|Any CPU.ActiveCfg = Debug|Any CPU
		{7309646D-07FC-4F0B-8935-BD2F36CCBFA3}.Debug|Any CPU.Build.0 = Debug|Any CPU
		{7309646D-07FC-4F0B-8935-BD2F36CCBFA3}.Release|Any CPU.ActiveCfg = Release|Any CPU
		{7309646D-07FC-4F0B-8935-BD2F36CCBFA3}.Release|Any CPU.Build.0 = Release|Any CPU
		{5B065083-7E9A-46B4-90C6-F657ED994048}.Debug|Any CPU.ActiveCfg = Debug|Any CPU
		{5B065083-7E9A-46B4-90C6-F657ED994048}.Debug|Any CPU.Build.0 = Debug|Any CPU
		{5B065083-7E9A-46B4-90C6-F657ED994048}.Release|Any CPU.ActiveCfg = Release|Any CPU
		{5B065083-7E9A-46B4-90C6-F657ED994048}.Release|Any CPU.Build.0 = Release|Any CPU
		{CF1490FA-9A2C-4951-B15F-AF5F9006ACBA}.Debug|Any CPU.ActiveCfg = Debug|Any CPU
		{CF1490FA-9A2C-4951-B15F-AF5F9006ACBA}.Debug|Any CPU.Build.0 = Debug|Any CPU
		{CF1490FA-9A2C-4951-B15F-AF5F9006ACBA}.Release|Any CPU.ActiveCfg = Release|Any CPU
		{CF1490FA-9A2C-4951-B15F-AF5F9006ACBA}.Release|Any CPU.Build.0 = Release|Any CPU
		{A442421C-1A33-4150-8D9D-AB31237E31C8}.Debug|Any CPU.ActiveCfg = Debug|Any CPU
		{A442421C-1A33-4150-8D9D-AB31237E31C8}.Debug|Any CPU.Build.0 = Debug|Any CPU
		{A442421C-1A33-4150-8D9D-AB31237E31C8}.Release|Any CPU.ActiveCfg = Release|Any CPU
		{A442421C-1A33-4150-8D9D-AB31237E31C8}.Release|Any CPU.Build.0 = Release|Any CPU
		{ED43B3EE-5FEE-4442-BB9D-9E0A7C0DE229}.Debug|Any CPU.ActiveCfg = Debug|Any CPU
		{ED43B3EE-5FEE-4442-BB9D-9E0A7C0DE229}.Debug|Any CPU.Build.0 = Debug|Any CPU
		{ED43B3EE-5FEE-4442-BB9D-9E0A7C0DE229}.Release|Any CPU.ActiveCfg = Release|Any CPU
		{ED43B3EE-5FEE-4442-BB9D-9E0A7C0DE229}.Release|Any CPU.Build.0 = Release|Any CPU
		{47DA95CD-862A-446B-A467-21B75CEC6244}.Debug|Any CPU.ActiveCfg = Debug|Any CPU
		{47DA95CD-862A-446B-A467-21B75CEC6244}.Debug|Any CPU.Build.0 = Debug|Any CPU
		{47DA95CD-862A-446B-A467-21B75CEC6244}.Release|Any CPU.ActiveCfg = Release|Any CPU
		{47DA95CD-862A-446B-A467-21B75CEC6244}.Release|Any CPU.Build.0 = Release|Any CPU
		{96274465-45E5-430E-A242-15E19D7F6D6C}.Debug|Any CPU.ActiveCfg = Debug|Any CPU
		{96274465-45E5-430E-A242-15E19D7F6D6C}.Debug|Any CPU.Build.0 = Debug|Any CPU
		{96274465-45E5-430E-A242-15E19D7F6D6C}.Release|Any CPU.ActiveCfg = Release|Any CPU
		{96274465-45E5-430E-A242-15E19D7F6D6C}.Release|Any CPU.Build.0 = Release|Any CPU
		{392408E2-4EE7-4773-96B6-701F407063AB}.Debug|Any CPU.ActiveCfg = Debug|Any CPU
		{392408E2-4EE7-4773-96B6-701F407063AB}.Debug|Any CPU.Build.0 = Debug|Any CPU
		{392408E2-4EE7-4773-96B6-701F407063AB}.Release|Any CPU.ActiveCfg = Release|Any CPU
		{392408E2-4EE7-4773-96B6-701F407063AB}.Release|Any CPU.Build.0 = Release|Any CPU
		{FC2E836C-2FFC-454C-8A98-B4640CC2AB99}.Debug|Any CPU.ActiveCfg = Debug|Any CPU
		{FC2E836C-2FFC-454C-8A98-B4640CC2AB99}.Debug|Any CPU.Build.0 = Debug|Any CPU
		{FC2E836C-2FFC-454C-8A98-B4640CC2AB99}.Release|Any CPU.ActiveCfg = Release|Any CPU
		{FC2E836C-2FFC-454C-8A98-B4640CC2AB99}.Release|Any CPU.Build.0 = Release|Any CPU
		{D895C2E6-E1B3-40D6-A260-AF7A0E1515C8}.Debug|Any CPU.ActiveCfg = Debug|Any CPU
		{D895C2E6-E1B3-40D6-A260-AF7A0E1515C8}.Debug|Any CPU.Build.0 = Debug|Any CPU
		{D895C2E6-E1B3-40D6-A260-AF7A0E1515C8}.Release|Any CPU.ActiveCfg = Release|Any CPU
		{D895C2E6-E1B3-40D6-A260-AF7A0E1515C8}.Release|Any CPU.Build.0 = Release|Any CPU
		{E9158357-CAE8-4E1B-8203-50974EEB81CD}.Debug|Any CPU.ActiveCfg = Debug|Any CPU
		{E9158357-CAE8-4E1B-8203-50974EEB81CD}.Debug|Any CPU.Build.0 = Debug|Any CPU
		{E9158357-CAE8-4E1B-8203-50974EEB81CD}.Release|Any CPU.ActiveCfg = Release|Any CPU
		{E9158357-CAE8-4E1B-8203-50974EEB81CD}.Release|Any CPU.Build.0 = Release|Any CPU
		{2FBD8357-C4B0-4356-A6DF-370C42BBFEFD}.Debug|Any CPU.ActiveCfg = Debug|Any CPU
		{2FBD8357-C4B0-4356-A6DF-370C42BBFEFD}.Debug|Any CPU.Build.0 = Debug|Any CPU
		{2FBD8357-C4B0-4356-A6DF-370C42BBFEFD}.Release|Any CPU.ActiveCfg = Release|Any CPU
		{2FBD8357-C4B0-4356-A6DF-370C42BBFEFD}.Release|Any CPU.Build.0 = Release|Any CPU
		{075BCCFC-0665-49F3-9BE6-0BBB981BE7F7}.Debug|Any CPU.ActiveCfg = Debug|Any CPU
		{075BCCFC-0665-49F3-9BE6-0BBB981BE7F7}.Debug|Any CPU.Build.0 = Debug|Any CPU
		{075BCCFC-0665-49F3-9BE6-0BBB981BE7F7}.Release|Any CPU.ActiveCfg = Release|Any CPU
		{075BCCFC-0665-49F3-9BE6-0BBB981BE7F7}.Release|Any CPU.Build.0 = Release|Any CPU
		{EE8CCC41-C451-49F2-998D-B8B6A6B9E0C7}.Debug|Any CPU.ActiveCfg = Debug|Any CPU
		{EE8CCC41-C451-49F2-998D-B8B6A6B9E0C7}.Debug|Any CPU.Build.0 = Debug|Any CPU
		{EE8CCC41-C451-49F2-998D-B8B6A6B9E0C7}.Release|Any CPU.ActiveCfg = Release|Any CPU
		{EE8CCC41-C451-49F2-998D-B8B6A6B9E0C7}.Release|Any CPU.Build.0 = Release|Any CPU
		{3D451A93-749C-4669-BAD6-0038384748D4}.Debug|Any CPU.ActiveCfg = Debug|Any CPU
		{3D451A93-749C-4669-BAD6-0038384748D4}.Debug|Any CPU.Build.0 = Debug|Any CPU
		{3D451A93-749C-4669-BAD6-0038384748D4}.Release|Any CPU.ActiveCfg = Release|Any CPU
		{3D451A93-749C-4669-BAD6-0038384748D4}.Release|Any CPU.Build.0 = Release|Any CPU
		{C31D3831-4A8A-48F1-83D4-F168F27D2EB6}.Debug|Any CPU.ActiveCfg = Debug|Any CPU
		{C31D3831-4A8A-48F1-83D4-F168F27D2EB6}.Debug|Any CPU.Build.0 = Debug|Any CPU
		{C31D3831-4A8A-48F1-83D4-F168F27D2EB6}.Release|Any CPU.ActiveCfg = Release|Any CPU
		{C31D3831-4A8A-48F1-83D4-F168F27D2EB6}.Release|Any CPU.Build.0 = Release|Any CPU
	EndGlobalSection
	GlobalSection(SolutionProperties) = preSolution
		HideSolutionNode = FALSE
	EndGlobalSection
	GlobalSection(NestedProjects) = preSolution
		{306C8FCE-2110-45D3-A92D-6AC609AEB5BB} = {1913BB08-89E7-4FF6-BA98-7A253D813F2B}
		{E762199F-83DB-443D-A7FC-4023EDBB32C8} = {1913BB08-89E7-4FF6-BA98-7A253D813F2B}
		{0D65273E-9594-4970-B0DA-57BAC920EC6F} = {1913BB08-89E7-4FF6-BA98-7A253D813F2B}
		{7309646D-07FC-4F0B-8935-BD2F36CCBFA3} = {1913BB08-89E7-4FF6-BA98-7A253D813F2B}
		{5B065083-7E9A-46B4-90C6-F657ED994048} = {1913BB08-89E7-4FF6-BA98-7A253D813F2B}
		{CF1490FA-9A2C-4951-B15F-AF5F9006ACBA} = {5D85855E-6303-49B0-AEA7-07F1C736CCDB}
		{A442421C-1A33-4150-8D9D-AB31237E31C8} = {5D85855E-6303-49B0-AEA7-07F1C736CCDB}
		{ED43B3EE-5FEE-4442-BB9D-9E0A7C0DE229} = {5D85855E-6303-49B0-AEA7-07F1C736CCDB}
		{47DA95CD-862A-446B-A467-21B75CEC6244} = {5D85855E-6303-49B0-AEA7-07F1C736CCDB}
		{96274465-45E5-430E-A242-15E19D7F6D6C} = {5D85855E-6303-49B0-AEA7-07F1C736CCDB}
		{392408E2-4EE7-4773-96B6-701F407063AB} = {37085D8A-3115-4312-9802-9B00980FBE95}
		{FC2E836C-2FFC-454C-8A98-B4640CC2AB99} = {37085D8A-3115-4312-9802-9B00980FBE95}
		{D895C2E6-E1B3-40D6-A260-AF7A0E1515C8} = {37085D8A-3115-4312-9802-9B00980FBE95}
		{E9158357-CAE8-4E1B-8203-50974EEB81CD} = {37085D8A-3115-4312-9802-9B00980FBE95}
		{2FBD8357-C4B0-4356-A6DF-370C42BBFEFD} = {C864D3AF-19BD-46FD-A41E-9BA584AB117C}
		{075BCCFC-0665-49F3-9BE6-0BBB981BE7F7} = {C864D3AF-19BD-46FD-A41E-9BA584AB117C}
		{EE8CCC41-C451-49F2-998D-B8B6A6B9E0C7} = {C864D3AF-19BD-46FD-A41E-9BA584AB117C}
		{3D451A93-749C-4669-BAD6-0038384748D4} = {C864D3AF-19BD-46FD-A41E-9BA584AB117C}
		{C31D3831-4A8A-48F1-83D4-F168F27D2EB6} = {248B5E90-32E7-4AB8-B1CD-51EBED9E5938}
	EndGlobalSection
	GlobalSection(ExtensibilityGlobals) = postSolution
		SolutionGuid = {4AC463F3-236A-409B-AF16-7C100A6B8CB4}
	EndGlobalSection
EndGlobal
