
Microsoft Visual Studio Solution File, Format Version 12.00
# Visual Studio Version 17
VisualStudioVersion = 17.5.002.0
MinimumVisualStudioVersion = 10.0.40219.1
Project("{9A19103F-16F7-4668-BE54-9A1E7A4F7556}") = "Develop03", "Develop03.csproj", "{C844C8FA-E66C-472D-92BF-912F78B11B42}"
EndProject
Global
	GlobalSection(SolutionConfigurationPlatforms) = preSolution
		Debug|Any CPU = Debug|Any CPU
		Release|Any CPU = Release|Any CPU
	EndGlobalSection
	GlobalSection(ProjectConfigurationPlatforms) = postSolution
		{C844C8FA-E66C-472D-92BF-912F78B11B42}.Debug|Any CPU.ActiveCfg = Debug|Any CPU
		{C844C8FA-E66C-472D-92BF-912F78B11B42}.Debug|Any CPU.Build.0 = Debug|Any CPU
		{C844C8FA-E66C-472D-92BF-912F78B11B42}.Release|Any CPU.ActiveCfg = Release|Any CPU
		{C844C8FA-E66C-472D-92BF-912F78B11B42}.Release|Any CPU.Build.0 = Release|Any CPU
	EndGlobalSection
	GlobalSection(SolutionProperties) = preSolution
		HideSolutionNode = FALSE
	EndGlobalSection
	GlobalSection(ExtensibilityGlobals) = postSolution
		SolutionGuid = {22105E21-7BE6-4EF2-A1E6-639552B07D75}
	EndGlobalSection
EndGlobal
